
Microsoft Visual Studio Solution File, Format Version 12.00
# Visual Studio 2012
Project("{FAE04EC0-301F-11D3-BF4B-00C04F79EFBC}") = "CreateTriggersReplicacion", "CreateTriggersReplicacion\CreateTriggersReplicacion.csproj", "{5107DC9A-C16A-4EF6-99A3-604820D0B8F7}"
EndProject
Project("{FAE04EC0-301F-11D3-BF4B-00C04F79EFBC}") = "CreateTriggersReplicacionUpdate", "CreateTriggersReplicacionUpdate\CreateTriggersReplicacionUpdate.csproj", "{0FF2342A-8721-4523-8B84-0A49765D6668}"
EndProject
Global
	GlobalSection(SolutionConfigurationPlatforms) = preSolution
		Debug|Any CPU = Debug|Any CPU
		Release|Any CPU = Release|Any CPU
	EndGlobalSection
	GlobalSection(ProjectConfigurationPlatforms) = postSolution
		{5107DC9A-C16A-4EF6-99A3-604820D0B8F7}.Debug|Any CPU.ActiveCfg = Debug|Any CPU
		{5107DC9A-C16A-4EF6-99A3-604820D0B8F7}.Debug|Any CPU.Build.0 = Debug|Any CPU
		{5107DC9A-C16A-4EF6-99A3-604820D0B8F7}.Release|Any CPU.ActiveCfg = Release|Any CPU
		{5107DC9A-C16A-4EF6-99A3-604820D0B8F7}.Release|Any CPU.Build.0 = Release|Any CPU
		{0FF2342A-8721-4523-8B84-0A49765D6668}.Debug|Any CPU.ActiveCfg = Debug|Any CPU
		{0FF2342A-8721-4523-8B84-0A49765D6668}.Debug|Any CPU.Build.0 = Debug|Any CPU
		{0FF2342A-8721-4523-8B84-0A49765D6668}.Release|Any CPU.ActiveCfg = Release|Any CPU
		{0FF2342A-8721-4523-8B84-0A49765D6668}.Release|Any CPU.Build.0 = Release|Any CPU
	EndGlobalSection
	GlobalSection(SolutionProperties) = preSolution
		HideSolutionNode = FALSE
	EndGlobalSection
EndGlobal
